Microsoft Visual Studio Solution File, Format Version 12.00
# Visual Studio Version 17
VisualStudioVersion = 17.5.2.0
MinimumVisualStudioVersion = 10.0.40219.1
Project("{2150E333-8FDC-42A3-9474-1A3956D46DE8}") = "Picture_Fipper", "Picture_Fipper", "{9FF97E7D-8732-ABB8-BE72-EB358307B044}"
EndProject
Project("{FAE04EC0-301F-11D3-BF4B-00C04F79EFBC}") = "launcher_src", "Picture_Fipper\launcher_src\launcher_src.csproj", "{6A29637F-E2EA-04AD-BA17-BAF69683F31A}"
EndProject
Global
	GlobalSection(SolutionConfigurationPlatforms) = preSolution
		Debug|Any CPU = Debug|Any CPU
		Release|Any CPU = Release|Any CPU
	EndGlobalSection
	GlobalSection(ProjectConfigurationPlatforms) = postSolution
		{6A29637F-E2EA-04AD-BA17-BAF69683F31A}.Debug|Any CPU.ActiveCfg = Debug|Any CPU
		{6A29637F-E2EA-04AD-BA17-BAF69683F31A}.Debug|Any CPU.Build.0 = Debug|Any CPU
		{6A29637F-E2EA-04AD-BA17-BAF69683F31A}.Release|Any CPU.ActiveCfg = Release|Any CPU
		{6A29637F-E2EA-04AD-BA17-BAF69683F31A}.Release|Any CPU.Build.0 = Release|Any CPU
	EndGlobalSection
	GlobalSection(SolutionProperties) = preSolution
		HideSolutionNode = FALSE
	EndGlobalSection
	GlobalSection(NestedProjects) = preSolution
		{6A29637F-E2EA-04AD-BA17-BAF69683F31A} = {9FF97E7D-8732-ABB8-BE72-EB358307B044}
	EndGlobalSection
	GlobalSection(ExtensibilityGlobals) = postSolution
		SolutionGuid = {823AA9BC-90ED-421B-80E9-3F63544E5380}
	EndGlobalSection
EndGlobal
