
Microsoft Visual Studio Solution File, Format Version 12.00
# Visual Studio Version 17
VisualStudioVersion = 17.0.31903.59
MinimumVisualStudioVersion = 10.0.40219.1
Project("{2150E333-8FDC-42A3-9474-1A3956D46DE8}") = "src", "src", "{827E0CD3-B72D-47B6-A68D-7590B98EB39B}"
EndProject
Project("{FAE04EC0-301F-11D3-BF4B-00C04F79EFBC}") = "ScreenSnap.Core", "src\ScreenSnap.Core\ScreenSnap.Core.csproj", "{5842193E-3A07-4C69-989B-BCC7AF37EAF3}"
EndProject
Project("{FAE04EC0-301F-11D3-BF4B-00C04F79EFBC}") = "ScreenSnap.UI", "src\ScreenSnap.UI\ScreenSnap.UI.csproj", "{5A19B110-8EFF-4530-A303-F513DA406182}"
EndProject
Project("{FAE04EC0-301F-11D3-BF4B-00C04F79EFBC}") = "ScreenSnap.Plugins", "src\ScreenSnap.Plugins\ScreenSnap.Plugins.csproj", "{596F117F-70EE-4286-83B0-A296A0ED4546}"
EndProject
Project("{2150E333-8FDC-42A3-9474-1A3956D46DE8}") = "tests", "tests", "{0AB3BF05-4346-4AA6-1389-037BE0695223}"
EndProject
Project("{FAE04EC0-301F-11D3-BF4B-00C04F79EFBC}") = "ScreenSnap.Tests", "tests\ScreenSnap.Tests\ScreenSnap.Tests.csproj", "{8B87E62C-96FF-4379-9D3E-128C1207BDA2}"
EndProject
Global
	GlobalSection(SolutionConfigurationPlatforms) = preSolution
		Debug|Any CPU = Debug|Any CPU
		Debug|x64 = Debug|x64
		Debug|x86 = Debug|x86
		Release|Any CPU = Release|Any CPU
		Release|x64 = Release|x64
		Release|x86 = Release|x86
	EndGlobalSection
	GlobalSection(ProjectConfigurationPlatforms) = postSolution
		{5842193E-3A07-4C69-989B-BCC7AF37EAF3}.Debug|Any CPU.ActiveCfg = Debug|Any CPU
		{5842193E-3A07-4C69-989B-BCC7AF37EAF3}.Debug|Any CPU.Build.0 = Debug|Any CPU
		{5842193E-3A07-4C69-989B-BCC7AF37EAF3}.Debug|x64.ActiveCfg = Debug|Any CPU
		{5842193E-3A07-4C69-989B-BCC7AF37EAF3}.Debug|x64.Build.0 = Debug|Any CPU
		{5842193E-3A07-4C69-989B-BCC7AF37EAF3}.Debug|x86.ActiveCfg = Debug|Any CPU
		{5842193E-3A07-4C69-989B-BCC7AF37EAF3}.Debug|x86.Build.0 = Debug|Any CPU
		{5842193E-3A07-4C69-989B-BCC7AF37EAF3}.Release|Any CPU.ActiveCfg = Release|Any CPU
		{5842193E-3A07-4C69-989B-BCC7AF37EAF3}.Release|Any CPU.Build.0 = Release|Any CPU
		{5842193E-3A07-4C69-989B-BCC7AF37EAF3}.Release|x64.ActiveCfg = Release|Any CPU
		{5842193E-3A07-4C69-989B-BCC7AF37EAF3}.Release|x64.Build.0 = Release|Any CPU
		{5842193E-3A07-4C69-989B-BCC7AF37EAF3}.Release|x86.ActiveCfg = Release|Any CPU
		{5842193E-3A07-4C69-989B-BCC7AF37EAF3}.Release|x86.Build.0 = Release|Any CPU
		{5A19B110-8EFF-4530-A303-F513DA406182}.Debug|Any CPU.ActiveCfg = Debug|Any CPU
		{5A19B110-8EFF-4530-A303-F513DA406182}.Debug|Any CPU.Build.0 = Debug|Any CPU
		{5A19B110-8EFF-4530-A303-F513DA406182}.Debug|x64.ActiveCfg = Debug|Any CPU
		{5A19B110-8EFF-4530-A303-F513DA406182}.Debug|x64.Build.0 = Debug|Any CPU
		{5A19B110-8EFF-4530-A303-F513DA406182}.Debug|x86.ActiveCfg = Debug|Any CPU
		{5A19B110-8EFF-4530-A303-F513DA406182}.Debug|x86.Build.0 = Debug|Any CPU
		{5A19B110-8EFF-4530-A303-F513DA406182}.Release|Any CPU.ActiveCfg = Release|Any CPU
		{5A19B110-8EFF-4530-A303-F513DA406182}.Release|Any CPU.Build.0 = Release|Any CPU
		{5A19B110-8EFF-4530-A303-F513DA406182}.Release|x64.ActiveCfg = Release|Any CPU
		{5A19B110-8EFF-4530-A303-F513DA406182}.Release|x64.Build.0 = Release|Any CPU
		{5A19B110-8EFF-4530-A303-F513DA406182}.Release|x86.ActiveCfg = Release|Any CPU
		{5A19B110-8EFF-4530-A303-F513DA406182}.Release|x86.Build.0 = Release|Any CPU
		{596F117F-70EE-4286-83B0-A296A0ED4546}.Debug|Any CPU.ActiveCfg = Debug|Any CPU
		{596F117F-70EE-4286-83B0-A296A0ED4546}.Debug|Any CPU.Build.0 = Debug|Any CPU
		{596F117F-70EE-4286-83B0-A296A0ED4546}.Debug|x64.ActiveCfg = Debug|Any CPU
		{596F117F-70EE-4286-83B0-A296A0ED4546}.Debug|x64.Build.0 = Debug|Any CPU
		{596F117F-70EE-4286-83B0-A296A0ED4546}.Debug|x86.ActiveCfg = Debug|Any CPU
		{596F117F-70EE-4286-83B0-A296A0ED4546}.Debug|x86.Build.0 = Debug|Any CPU
		{596F117F-70EE-4286-83B0-A296A0ED4546}.Release|Any CPU.ActiveCfg = Release|Any CPU
		{596F117F-70EE-4286-83B0-A296A0ED4546}.Release|Any CPU.Build.0 = Release|Any CPU
		{596F117F-70EE-4286-83B0-A296A0ED4546}.Release|x64.ActiveCfg = Release|Any CPU
		{596F117F-70EE-4286-83B0-A296A0ED4546}.Release|x64.Build.0 = Release|Any CPU
		{596F117F-70EE-4286-83B0-A296A0ED4546}.Release|x86.ActiveCfg = Release|Any CPU
		{596F117F-70EE-4286-83B0-A296A0ED4546}.Release|x86.Build.0 = Release|Any CPU
		{8B87E62C-96FF-4379-9D3E-128C1207BDA2}.Debug|Any CPU.ActiveCfg = Debug|Any CPU
		{8B87E62C-96FF-4379-9D3E-128C1207BDA2}.Debug|Any CPU.Build.0 = Debug|Any CPU
		{8B87E62C-96FF-4379-9D3E-128C1207BDA2}.Debug|x64.ActiveCfg = Debug|Any CPU
		{8B87E62C-96FF-4379-9D3E-128C1207BDA2}.Debug|x64.Build.0 = Debug|Any CPU
		{8B87E62C-96FF-4379-9D3E-128C1207BDA2}.Debug|x86.ActiveCfg = Debug|Any CPU
		{8B87E62C-96FF-4379-9D3E-128C1207BDA2}.Debug|x86.Build.0 = Debug|Any CPU
		{8B87E62C-96FF-4379-9D3E-128C1207BDA2}.Release|Any CPU.ActiveCfg = Release|Any CPU
		{8B87E62C-96FF-4379-9D3E-128C1207BDA2}.Release|Any CPU.Build.0 = Release|Any CPU
		{8B87E62C-96FF-4379-9D3E-128C1207BDA2}.Release|x64.ActiveCfg = Release|Any CPU
		{8B87E62C-96FF-4379-9D3E-128C1207BDA2}.Release|x64.Build.0 = Release|Any CPU
		{8B87E62C-96FF-4379-9D3E-128C1207BDA2}.Release|x86.ActiveCfg = Release|Any CPU
		{8B87E62C-96FF-4379-9D3E-128C1207BDA2}.Release|x86.Build.0 = Release|Any CPU
	EndGlobalSection
	GlobalSection(SolutionProperties) = preSolution
		HideSolutionNode = FALSE
	EndGlobalSection
	GlobalSection(NestedProjects) = preSolution
		{5842193E-3A07-4C69-989B-BCC7AF37EAF3} = {827E0CD3-B72D-47B6-A68D-7590B98EB39B}
		{5A19B110-8EFF-4530-A303-F513DA406182} = {827E0CD3-B72D-47B6-A68D-7590B98EB39B}
		{596F117F-70EE-4286-83B0-A296A0ED4546} = {827E0CD3-B72D-47B6-A68D-7590B98EB39B}
		{8B87E62C-96FF-4379-9D3E-128C1207BDA2} = {0AB3BF05-4346-4AA6-1389-037BE0695223}
	EndGlobalSection
EndGlobal
